
Microsoft Visual Studio Solution File, Format Version 12.00
# Visual Studio 15
VisualStudioVersion = 15.0.28307.572
MinimumVisualStudioVersion = 10.0.40219.1
Project("{FAE04EC0-301F-11D3-BF4B-00C04F79EFBC}") = "SingletonDesignPattern", "..\SingletonDesignPattern\SingletonDesignPattern.csproj", "{48361D3E-54C7-4E34-957B-32B6DCCAEAD3}"
EndProject
Project("{FAE04EC0-301F-11D3-BF4B-00C04F79EFBC}") = "BuilderDesignPattern", "BuilderDesignPattern\BuilderDesignPattern.csproj", "{1251C4D1-3DA6-4142-A4F4-CC841BACDE31}"
EndProject
Project("{FAE04EC0-301F-11D3-BF4B-00C04F79EFBC}") = "FactoryMethodDesignPattern", "FactoryMethodDesignPattern\FactoryMethodDesignPattern.csproj", "{216311C9-7858-4F6C-B1F6-1A6EF32FAD2A}"
EndProject
Project("{FAE04EC0-301F-11D3-BF4B-00C04F79EFBC}") = "AdapterDesignPattern", "AdapterDesignPattern\AdapterDesignPattern.csproj", "{92F0A1E7-DFA8-4446-8634-71817C25599B}"
EndProject
Project("{FAE04EC0-301F-11D3-BF4B-00C04F79EFBC}") = "DecoratorDesignPattern", "DecoratorDesignPattern\DecoratorDesignPattern.csproj", "{8CA45BA6-BD2A-428B-9286-B7B202E9E301}"
EndProject
Global
	GlobalSection(SolutionConfigurationPlatforms) = preSolution
		Debug|Any CPU = Debug|Any CPU
		Release|Any CPU = Release|Any CPU
	EndGlobalSection
	GlobalSection(ProjectConfigurationPlatforms) = postSolution
		{48361D3E-54C7-4E34-957B-32B6DCCAEAD3}.Debug|Any CPU.ActiveCfg = Debug|Any CPU
		{48361D3E-54C7-4E34-957B-32B6DCCAEAD3}.Debug|Any CPU.Build.0 = Debug|Any CPU
		{48361D3E-54C7-4E34-957B-32B6DCCAEAD3}.Release|Any CPU.ActiveCfg = Release|Any CPU
		{48361D3E-54C7-4E34-957B-32B6DCCAEAD3}.Release|Any CPU.Build.0 = Release|Any CPU
		{1251C4D1-3DA6-4142-A4F4-CC841BACDE31}.Debug|Any CPU.ActiveCfg = Debug|Any CPU
		{1251C4D1-3DA6-4142-A4F4-CC841BACDE31}.Debug|Any CPU.Build.0 = Debug|Any CPU
		{1251C4D1-3DA6-4142-A4F4-CC841BACDE31}.Release|Any CPU.ActiveCfg = Release|Any CPU
		{1251C4D1-3DA6-4142-A4F4-CC841BACDE31}.Release|Any CPU.Build.0 = Release|Any CPU
		{216311C9-7858-4F6C-B1F6-1A6EF32FAD2A}.Debug|Any CPU.ActiveCfg = Debug|Any CPU
		{216311C9-7858-4F6C-B1F6-1A6EF32FAD2A}.Debug|Any CPU.Build.0 = Debug|Any CPU
		{216311C9-7858-4F6C-B1F6-1A6EF32FAD2A}.Release|Any CPU.ActiveCfg = Release|Any CPU
		{216311C9-7858-4F6C-B1F6-1A6EF32FAD2A}.Release|Any CPU.Build.0 = Release|Any CPU
		{92F0A1E7-DFA8-4446-8634-71817C25599B}.Debug|Any CPU.ActiveCfg = Debug|Any CPU
		{92F0A1E7-DFA8-4446-8634-71817C25599B}.Debug|Any CPU.Build.0 = Debug|Any CPU
		{92F0A1E7-DFA8-4446-8634-71817C25599B}.Release|Any CPU.ActiveCfg = Release|Any CPU
		{92F0A1E7-DFA8-4446-8634-71817C25599B}.Release|Any CPU.Build.0 = Release|Any CPU
		{8CA45BA6-BD2A-428B-9286-B7B202E9E301}.Debug|Any CPU.ActiveCfg = Debug|Any CPU
		{8CA45BA6-BD2A-428B-9286-B7B202E9E301}.Debug|Any CPU.Build.0 = Debug|Any CPU
		{8CA45BA6-BD2A-428B-9286-B7B202E9E301}.Release|Any CPU.ActiveCfg = Release|Any CPU
		{8CA45BA6-BD2A-428B-9286-B7B202E9E301}.Release|Any CPU.Build.0 = Release|Any CPU
	EndGlobalSection
	GlobalSection(SolutionProperties) = preSolution
		HideSolutionNode = FALSE
	EndGlobalSection
	GlobalSection(ExtensibilityGlobals) = postSolution
		SolutionGuid = {AB2C5B36-FD84-4A3D-9FEA-6D2974F65520}
	EndGlobalSection
EndGlobal
